
Microsoft Visual Studio Solution File, Format Version 12.00
# Visual Studio 14
VisualStudioVersion = 14.0.23107.0
MinimumVisualStudioVersion = 10.0.40219.1
Project("{2150E333-8FDC-42A3-9474-1A3956D46DE8}") = "Data", "Data", "{F63EDAAB-89E6-43D1-A2D6-D5F934EE384D}"
EndProject
Project("{2150E333-8FDC-42A3-9474-1A3956D46DE8}") = "Web", "Web", "{A270BE1F-0670-4686-AB85-87346F4960E0}"
EndProject
Project("{FAE04EC0-301F-11D3-BF4B-00C04F79EFBC}") = "Shouter.Data", "Shouter.Data\Shouter.Data.csproj", "{2428503D-5AEE-470D-8A02-3619E37E0A62}"
EndProject
Project("{FAE04EC0-301F-11D3-BF4B-00C04F79EFBC}") = "Shouter.Data.Common", "Shouter.Data.Common\Shouter.Data.Common.csproj", "{29606047-6634-490E-9BF3-C5A0AA50D168}"
EndProject
Project("{FAE04EC0-301F-11D3-BF4B-00C04F79EFBC}") = "Shouter.Web", "Shouter.Web\Shouter.Web.csproj", "{D9FFD696-9B3C-4A14-8937-40A84BC24D79}"
EndProject
Project("{2150E333-8FDC-42A3-9474-1A3956D46DE8}") = "Server", "Server", "{57D46F21-7061-4073-B98B-F0509BABF0C3}"
EndProject
Project("{FAE04EC0-301F-11D3-BF4B-00C04F79EFBC}") = "SimpleHttpServer", "..\..\MVC + Persistence - Exercise1\SimpleHttpServer\SimpleHttpServer.csproj", "{9E139539-C272-488A-BFCF-CADDF458DF9D}"
EndProject
Project("{2150E333-8FDC-42A3-9474-1A3956D46DE8}") = "Mvc", "Mvc", "{87AAE6F0-B159-4992-A072-99BC0AE437CA}"
EndProject
Project("{FAE04EC0-301F-11D3-BF4B-00C04F79EFBC}") = "SimpleMVC", "..\..\MVC + Persistence - Exercise1\SimpleMVC\SimpleMVC.csproj", "{F2EF3059-AA6C-45C8-9DBB-9D36E62AF1B8}"
EndProject
Project("{FAE04EC0-301F-11D3-BF4B-00C04F79EFBC}") = "Shouter.Data.Models", "Shouter.Data.Models\Shouter.Data.Models.csproj", "{1A672B80-648C-4D47-B075-5A4959317888}"
EndProject
Project("{FAE04EC0-301F-11D3-BF4B-00C04F79EFBC}") = "Shouter.Web.Infrastucture", "Shouter.Web.Infrastucture\Shouter.Web.Infrastucture.csproj", "{1CA4D130-338E-4102-98D5-CB9B267046D2}"
EndProject
Global
	GlobalSection(SolutionConfigurationPlatforms) = preSolution
		Debug|Any CPU = Debug|Any CPU
		Debug|x86 = Debug|x86
		Release|Any CPU = Release|Any CPU
		Release|x86 = Release|x86
	EndGlobalSection
	GlobalSection(ProjectConfigurationPlatforms) = postSolution
		{2428503D-5AEE-470D-8A02-3619E37E0A62}.Debug|Any CPU.ActiveCfg = Debug|Any CPU
		{2428503D-5AEE-470D-8A02-3619E37E0A62}.Debug|Any CPU.Build.0 = Debug|Any CPU
		{2428503D-5AEE-470D-8A02-3619E37E0A62}.Debug|x86.ActiveCfg = Debug|Any CPU
		{2428503D-5AEE-470D-8A02-3619E37E0A62}.Debug|x86.Build.0 = Debug|Any CPU
		{2428503D-5AEE-470D-8A02-3619E37E0A62}.Release|Any CPU.ActiveCfg = Release|Any CPU
		{2428503D-5AEE-470D-8A02-3619E37E0A62}.Release|Any CPU.Build.0 = Release|Any CPU
		{2428503D-5AEE-470D-8A02-3619E37E0A62}.Release|x86.ActiveCfg = Release|Any CPU
		{2428503D-5AEE-470D-8A02-3619E37E0A62}.Release|x86.Build.0 = Release|Any CPU
		{29606047-6634-490E-9BF3-C5A0AA50D168}.Debug|Any CPU.ActiveCfg = Debug|Any CPU
		{29606047-6634-490E-9BF3-C5A0AA50D168}.Debug|Any CPU.Build.0 = Debug|Any CPU
		{29606047-6634-490E-9BF3-C5A0AA50D168}.Debug|x86.ActiveCfg = Debug|Any CPU
		{29606047-6634-490E-9BF3-C5A0AA50D168}.Debug|x86.Build.0 = Debug|Any CPU
		{29606047-6634-490E-9BF3-C5A0AA50D168}.Release|Any CPU.ActiveCfg = Release|Any CPU
		{29606047-6634-490E-9BF3-C5A0AA50D168}.Release|Any CPU.Build.0 = Release|Any CPU
		{29606047-6634-490E-9BF3-C5A0AA50D168}.Release|x86.ActiveCfg = Release|Any CPU
		{29606047-6634-490E-9BF3-C5A0AA50D168}.Release|x86.Build.0 = Release|Any CPU
		{D9FFD696-9B3C-4A14-8937-40A84BC24D79}.Debug|Any CPU.ActiveCfg = Debug|Any CPU
		{D9FFD696-9B3C-4A14-8937-40A84BC24D79}.Debug|Any CPU.Build.0 = Debug|Any CPU
		{D9FFD696-9B3C-4A14-8937-40A84BC24D79}.Debug|x86.ActiveCfg = Debug|Any CPU
		{D9FFD696-9B3C-4A14-8937-40A84BC24D79}.Debug|x86.Build.0 = Debug|Any CPU
		{D9FFD696-9B3C-4A14-8937-40A84BC24D79}.Release|Any CPU.ActiveCfg = Release|Any CPU
		{D9FFD696-9B3C-4A14-8937-40A84BC24D79}.Release|Any CPU.Build.0 = Release|Any CPU
		{D9FFD696-9B3C-4A14-8937-40A84BC24D79}.Release|x86.ActiveCfg = Release|Any CPU
		{D9FFD696-9B3C-4A14-8937-40A84BC24D79}.Release|x86.Build.0 = Release|Any CPU
		{9E139539-C272-488A-BFCF-CADDF458DF9D}.Debug|Any CPU.ActiveCfg = Debug|Any CPU
		{9E139539-C272-488A-BFCF-CADDF458DF9D}.Debug|Any CPU.Build.0 = Debug|Any CPU
		{9E139539-C272-488A-BFCF-CADDF458DF9D}.Debug|x86.ActiveCfg = Debug|x86
		{9E139539-C272-488A-BFCF-CADDF458DF9D}.Debug|x86.Build.0 = Debug|x86
		{9E139539-C272-488A-BFCF-CADDF458DF9D}.Release|Any CPU.ActiveCfg = Release|Any CPU
		{9E139539-C272-488A-BFCF-CADDF458DF9D}.Release|Any CPU.Build.0 = Release|Any CPU
		{9E139539-C272-488A-BFCF-CADDF458DF9D}.Release|x86.ActiveCfg = Release|x86
		{9E139539-C272-488A-BFCF-CADDF458DF9D}.Release|x86.Build.0 = Release|x86
		{F2EF3059-AA6C-45C8-9DBB-9D36E62AF1B8}.Debug|Any CPU.ActiveCfg = Debug|Any CPU
		{F2EF3059-AA6C-45C8-9DBB-9D36E62AF1B8}.Debug|Any CPU.Build.0 = Debug|Any CPU
		{F2EF3059-AA6C-45C8-9DBB-9D36E62AF1B8}.Debug|x86.ActiveCfg = Debug|Any CPU
		{F2EF3059-AA6C-45C8-9DBB-9D36E62AF1B8}.Debug|x86.Build.0 = Debug|Any CPU
		{F2EF3059-AA6C-45C8-9DBB-9D36E62AF1B8}.Release|Any CPU.ActiveCfg = Release|Any CPU
		{F2EF3059-AA6C-45C8-9DBB-9D36E62AF1B8}.Release|Any CPU.Build.0 = Release|Any CPU
		{F2EF3059-AA6C-45C8-9DBB-9D36E62AF1B8}.Release|x86.ActiveCfg = Release|Any CPU
		{F2EF3059-AA6C-45C8-9DBB-9D36E62AF1B8}.Release|x86.Build.0 = Release|Any CPU
		{1A672B80-648C-4D47-B075-5A4959317888}.Debug|Any CPU.ActiveCfg = Debug|Any CPU
		{1A672B80-648C-4D47-B075-5A4959317888}.Debug|Any CPU.Build.0 = Debug|Any CPU
		{1A672B80-648C-4D47-B075-5A4959317888}.Debug|x86.ActiveCfg = Debug|Any CPU
		{1A672B80-648C-4D47-B075-5A4959317888}.Debug|x86.Build.0 = Debug|Any CPU
		{1A672B80-648C-4D47-B075-5A4959317888}.Release|Any CPU.ActiveCfg = Release|Any CPU
		{1A672B80-648C-4D47-B075-5A4959317888}.Release|Any CPU.Build.0 = Release|Any CPU
		{1A672B80-648C-4D47-B075-5A4959317888}.Release|x86.ActiveCfg = Release|Any CPU
		{1A672B80-648C-4D47-B075-5A4959317888}.Release|x86.Build.0 = Release|Any CPU
		{1CA4D130-338E-4102-98D5-CB9B267046D2}.Debug|Any CPU.ActiveCfg = Debug|Any CPU
		{1CA4D130-338E-4102-98D5-CB9B267046D2}.Debug|Any CPU.Build.0 = Debug|Any CPU
		{1CA4D130-338E-4102-98D5-CB9B267046D2}.Debug|x86.ActiveCfg = Debug|Any CPU
		{1CA4D130-338E-4102-98D5-CB9B267046D2}.Debug|x86.Build.0 = Debug|Any CPU
		{1CA4D130-338E-4102-98D5-CB9B267046D2}.Release|Any CPU.ActiveCfg = Release|Any CPU
		{1CA4D130-338E-4102-98D5-CB9B267046D2}.Release|Any CPU.Build.0 = Release|Any CPU
		{1CA4D130-338E-4102-98D5-CB9B267046D2}.Release|x86.ActiveCfg = Release|Any CPU
		{1CA4D130-338E-4102-98D5-CB9B267046D2}.Release|x86.Build.0 = Release|Any CPU
	EndGlobalSection
	GlobalSection(SolutionProperties) = preSolution
		HideSolutionNode = FALSE
	EndGlobalSection
	GlobalSection(NestedProjects) = preSolution
		{2428503D-5AEE-470D-8A02-3619E37E0A62} = {F63EDAAB-89E6-43D1-A2D6-D5F934EE384D}
		{29606047-6634-490E-9BF3-C5A0AA50D168} = {F63EDAAB-89E6-43D1-A2D6-D5F934EE384D}
		{D9FFD696-9B3C-4A14-8937-40A84BC24D79} = {A270BE1F-0670-4686-AB85-87346F4960E0}
		{9E139539-C272-488A-BFCF-CADDF458DF9D} = {57D46F21-7061-4073-B98B-F0509BABF0C3}
		{F2EF3059-AA6C-45C8-9DBB-9D36E62AF1B8} = {87AAE6F0-B159-4992-A072-99BC0AE437CA}
		{1A672B80-648C-4D47-B075-5A4959317888} = {F63EDAAB-89E6-43D1-A2D6-D5F934EE384D}
		{1CA4D130-338E-4102-98D5-CB9B267046D2} = {A270BE1F-0670-4686-AB85-87346F4960E0}
	EndGlobalSection
EndGlobal
