
Microsoft Visual Studio Solution File, Format Version 12.00
# Visual Studio 14
VisualStudioVersion = 14.0.23107.0
MinimumVisualStudioVersion = 10.0.40219.1
Project("{FAE04EC0-301F-11D3-BF4B-00C04F79EFBC}") = "SimpleHttpServer", "SimpleHttpServer\SimpleHttpServer.csproj", "{88BA3B0A-54B8-404C-89CF-0004BDC80F4F}"
EndProject
Project("{FAE04EC0-301F-11D3-BF4B-00C04F79EFBC}") = "FirstRun", "FirstRun\FirstRun.csproj", "{D1808140-7101-444C-95CE-ABC9651008F8}"
EndProject
Project("{FAE04EC0-301F-11D3-BF4B-00C04F79EFBC}") = "SharpStore", "SharpStore\SharpStore.csproj", "{95418DBF-6314-4F70-8799-3424343A01E0}"
EndProject
Project("{FAE04EC0-301F-11D3-BF4B-00C04F79EFBC}") = "SharpStore.Data", "SharpStore.Data\SharpStore.Data.csproj", "{F4D61763-DBF0-4C44-85E6-DF7CC185EF4B}"
EndProject
Project("{FAE04EC0-301F-11D3-BF4B-00C04F79EFBC}") = "AddKnife", "AddKnife\AddKnife.csproj", "{DF528099-1DF9-415F-A62A-56371F123E8E}"
EndProject
Project("{FAE04EC0-301F-11D3-BF4B-00C04F79EFBC}") = "Razor", "Razor\Razor.csproj", "{7C7C9C45-09CD-42D9-AE41-C4011056DD3B}"
EndProject
Project("{FAE04EC0-301F-11D3-BF4B-00C04F79EFBC}") = "SharpStoreServices", "SharpStoreServices\SharpStoreServices.csproj", "{A445F184-BE79-4BA9-B5C5-781CE0203DCA}"
EndProject
Global
	GlobalSection(SolutionConfigurationPlatforms) = preSolution
		Debug|Any CPU = Debug|Any CPU
		Release|Any CPU = Release|Any CPU
	EndGlobalSection
	GlobalSection(ProjectConfigurationPlatforms) = postSolution
		{88BA3B0A-54B8-404C-89CF-0004BDC80F4F}.Debug|Any CPU.ActiveCfg = Debug|Any CPU
		{88BA3B0A-54B8-404C-89CF-0004BDC80F4F}.Debug|Any CPU.Build.0 = Debug|Any CPU
		{88BA3B0A-54B8-404C-89CF-0004BDC80F4F}.Release|Any CPU.ActiveCfg = Release|Any CPU
		{88BA3B0A-54B8-404C-89CF-0004BDC80F4F}.Release|Any CPU.Build.0 = Release|Any CPU
		{D1808140-7101-444C-95CE-ABC9651008F8}.Debug|Any CPU.ActiveCfg = Debug|Any CPU
		{D1808140-7101-444C-95CE-ABC9651008F8}.Debug|Any CPU.Build.0 = Debug|Any CPU
		{D1808140-7101-444C-95CE-ABC9651008F8}.Release|Any CPU.ActiveCfg = Release|Any CPU
		{D1808140-7101-444C-95CE-ABC9651008F8}.Release|Any CPU.Build.0 = Release|Any CPU
		{95418DBF-6314-4F70-8799-3424343A01E0}.Debug|Any CPU.ActiveCfg = Debug|Any CPU
		{95418DBF-6314-4F70-8799-3424343A01E0}.Debug|Any CPU.Build.0 = Debug|Any CPU
		{95418DBF-6314-4F70-8799-3424343A01E0}.Release|Any CPU.ActiveCfg = Release|Any CPU
		{95418DBF-6314-4F70-8799-3424343A01E0}.Release|Any CPU.Build.0 = Release|Any CPU
		{F4D61763-DBF0-4C44-85E6-DF7CC185EF4B}.Debug|Any CPU.ActiveCfg = Debug|Any CPU
		{F4D61763-DBF0-4C44-85E6-DF7CC185EF4B}.Debug|Any CPU.Build.0 = Debug|Any CPU
		{F4D61763-DBF0-4C44-85E6-DF7CC185EF4B}.Release|Any CPU.ActiveCfg = Release|Any CPU
		{F4D61763-DBF0-4C44-85E6-DF7CC185EF4B}.Release|Any CPU.Build.0 = Release|Any CPU
		{DF528099-1DF9-415F-A62A-56371F123E8E}.Debug|Any CPU.ActiveCfg = Debug|Any CPU
		{DF528099-1DF9-415F-A62A-56371F123E8E}.Debug|Any CPU.Build.0 = Debug|Any CPU
		{DF528099-1DF9-415F-A62A-56371F123E8E}.Release|Any CPU.ActiveCfg = Release|Any CPU
		{DF528099-1DF9-415F-A62A-56371F123E8E}.Release|Any CPU.Build.0 = Release|Any CPU
		{7C7C9C45-09CD-42D9-AE41-C4011056DD3B}.Debug|Any CPU.ActiveCfg = Debug|Any CPU
		{7C7C9C45-09CD-42D9-AE41-C4011056DD3B}.Debug|Any CPU.Build.0 = Debug|Any CPU
		{7C7C9C45-09CD-42D9-AE41-C4011056DD3B}.Release|Any CPU.ActiveCfg = Release|Any CPU
		{7C7C9C45-09CD-42D9-AE41-C4011056DD3B}.Release|Any CPU.Build.0 = Release|Any CPU
		{A445F184-BE79-4BA9-B5C5-781CE0203DCA}.Debug|Any CPU.ActiveCfg = Debug|Any CPU
		{A445F184-BE79-4BA9-B5C5-781CE0203DCA}.Debug|Any CPU.Build.0 = Debug|Any CPU
		{A445F184-BE79-4BA9-B5C5-781CE0203DCA}.Release|Any CPU.ActiveCfg = Release|Any CPU
		{A445F184-BE79-4BA9-B5C5-781CE0203DCA}.Release|Any CPU.Build.0 = Release|Any CPU
	EndGlobalSection
	GlobalSection(SolutionProperties) = preSolution
		HideSolutionNode = FALSE
	EndGlobalSection
EndGlobal
